// !$*UTF8*$!
{
	archiveVersion = 1;
	classes = {
	};
	objectVersion = 46;
	objects = {

/* Begin PBXBuildFile section */
		C99D6969A6E84F8FD3253A80 /* Pods.framework in Frameworks */ = {isa = PBXBuildFile; fileRef = A7BFB11D910E8329CE4DC7A3 /* Pods.framework */; };
		D682ECB71C589CC3009B7132 /* AppDelegate.swift in Sources */ = {isa = PBXBuildFile; fileRef = D682ECB61C589CC3009B7132 /* AppDelegate.swift */; };
		D682ECB91C589CC3009B7132 /* HomeViewController.swift in Sources */ = {isa = PBXBuildFile; fileRef = D682ECB81C589CC3009B7132 /* HomeViewController.swift */; };
		D682ECBC1C589CC3009B7132 /* Main.storyboard in Resources */ = {isa = PBXBuildFile; fileRef = D682ECBA1C589CC3009B7132 /* Main.storyboard */; };
		D682ECBF1C589CC3009B7132 /* nodeadmin.xcdatamodeld in Sources */ = {isa = PBXBuildFile; fileRef = D682ECBD1C589CC3009B7132 /* nodeadmin.xcdatamodeld */; };
		D682ECC11C589CC3009B7132 /* Assets.xcassets in Resources */ = {isa = PBXBuildFile; fileRef = D682ECC01C589CC3009B7132 /* Assets.xcassets */; };
		D682ECC41C589CC3009B7132 /* LaunchScreen.storyboard in Resources */ = {isa = PBXBuildFile; fileRef = D682ECC21C589CC3009B7132 /* LaunchScreen.storyboard */; };
		D682ECCF1C589CC3009B7132 /* nodeadminTests.swift in Sources */ = {isa = PBXBuildFile; fileRef = D682ECCE1C589CC3009B7132 /* nodeadminTests.swift */; };
		D682ECDA1C589CC3009B7132 /* nodeadminUITests.swift in Sources */ = {isa = PBXBuildFile; fileRef = D682ECD91C589CC3009B7132 /* nodeadminUITests.swift */; };
		D682ECE81C58A230009B7132 /* LoginViewController.swift in Sources */ = {isa = PBXBuildFile; fileRef = D682ECE71C58A230009B7132 /* LoginViewController.swift */; };
		D686A3071C7E7DDC002A4516 /* ClientCredentials.swift in Sources */ = {isa = PBXBuildFile; fileRef = D686A3061C7E7DDC002A4516 /* ClientCredentials.swift */; };
		D686A30F1C7E9087002A4516 /* ClientAPI.swift in Sources */ = {isa = PBXBuildFile; fileRef = D686A30E1C7E9087002A4516 /* ClientAPI.swift */; };
		D6B2DF501C5B963800C4852B /* DatabaseTableViewController.swift in Sources */ = {isa = PBXBuildFile; fileRef = D6B2DF4F1C5B963800C4852B /* DatabaseTableViewController.swift */; };
		D6BAB8E01C77FB4D001E975E /* AddDatabaseViewController.swift in Sources */ = {isa = PBXBuildFile; fileRef = D6BAB8DF1C77FB4D001E975E /* AddDatabaseViewController.swift */; };
/* End PBXBuildFile section */

/* Begin PBXContainerItemProxy section */
		D682ECCB1C589CC3009B7132 /* PBXContainerItemProxy */ = {
			isa = PBXContainerItemProxy;
			containerPortal = D682ECAB1C589CC3009B7132 /* Project object */;
			proxyType = 1;
			remoteGlobalIDString = D682ECB21C589CC3009B7132;
			remoteInfo = nodeadmin;
		};
		D682ECD61C589CC3009B7132 /* PBXContainerItemProxy */ = {
			isa = PBXContainerItemProxy;
			containerPortal = D682ECAB1C589CC3009B7132 /* Project object */;
			proxyType = 1;
			remoteGlobalIDString = D682ECB21C589CC3009B7132;
			remoteInfo = nodeadmin;
		};
/* End PBXContainerItemProxy section */

/* Begin PBXCopyFilesBuildPhase section */
		D630914A1C7E4E4D004B48B1 /* Embed Frameworks */ = {
			isa = PBXCopyFilesBuildPhase;
			buildActionMask = 2147483647;
			dstPath = "";
			dstSubfolderSpec = 10;
			files = (
			);
			name = "Embed Frameworks";
			runOnlyForDeploymentPostprocessing = 0;
		};
/* End PBXCopyFilesBuildPhase section */

/* Begin PBXFileReference section */
		1E6E1C77505E7F1C32141625 /* Pods.release.xcconfig */ = {isa = PBXFileReference; includeInIndex = 1; lastKnownFileType = text.xcconfig; name = Pods.release.xcconfig; path = "Pods/Target Support Files/Pods/Pods.release.xcconfig"; sourceTree = "<group>"; };
		A7BFB11D910E8329CE4DC7A3 /* Pods.framework */ = {isa = PBXFileReference; explicitFileType = wrapper.framework; includeInIndex = 0; path = Pods.framework; sourceTree = BUILT_PRODUCTS_DIR; };
		D4A218C9CD1D2FE9C8089B51 /* Pods.debug.xcconfig */ = {isa = PBXFileReference; includeInIndex = 1; lastKnownFileType = text.xcconfig; name = Pods.debug.xcconfig; path = "Pods/Target Support Files/Pods/Pods.debug.xcconfig"; sourceTree = "<group>"; };
		D682ECB31C589CC3009B7132 /* nodeadmin.app */ = {isa = PBXFileReference; explicitFileType = wrapper.application; includeInIndex = 0; path = nodeadmin.app; sourceTree = BUILT_PRODUCTS_DIR; };
		D682ECB61C589CC3009B7132 /* AppDelegate.swift */ = {isa = PBXFileReference; lastKnownFileType = sourcecode.swift; path = AppDelegate.swift; sourceTree = "<group>"; };
		D682ECB81C589CC3009B7132 /* HomeViewController.swift */ = {isa = PBXFileReference; lastKnownFileType = sourcecode.swift; path = HomeViewController.swift; sourceTree = "<group>"; };
		D682ECBB1C589CC3009B7132 /* Base */ = {isa = PBXFileReference; lastKnownFileType = file.storyboard; name = Base; path = Base.lproj/Main.storyboard; sourceTree = "<group>"; };
		D682ECBE1C589CC3009B7132 /* nodeadmin.xcdatamodel */ = {isa = PBXFileReference; lastKnownFileType = wrapper.xcdatamodel; path = nodeadmin.xcdatamodel; sourceTree = "<group>"; };
		D682ECC01C589CC3009B7132 /* Assets.xcassets */ = {isa = PBXFileReference; lastKnownFileType = folder.assetcatalog; path = Assets.xcassets; sourceTree = "<group>"; };
		D682ECC31C589CC3009B7132 /* Base */ = {isa = PBXFileReference; lastKnownFileType = file.storyboard; name = Base; path = Base.lproj/LaunchScreen.storyboard; sourceTree = "<group>"; };
		D682ECC51C589CC3009B7132 /* Info.plist */ = {isa = PBXFileReference; lastKnownFileType = text.plist.xml; path = Info.plist; sourceTree = "<group>"; };
		D682ECCA1C589CC3009B7132 /* nodeadminTests.xctest */ = {isa = PBXFileReference; explicitFileType = wrapper.cfbundle; includeInIndex = 0; path = nodeadminTests.xctest; sourceTree = BUILT_PRODUCTS_DIR; };
		D682ECCE1C589CC3009B7132 /* nodeadminTests.swift */ = {isa = PBXFileReference; lastKnownFileType = sourcecode.swift; path = nodeadminTests.swift; sourceTree = "<group>"; };
		D682ECD01C589CC3009B7132 /* Info.plist */ = {isa = PBXFileReference; lastKnownFileType = text.plist.xml; path = Info.plist; sourceTree = "<group>"; };
		D682ECD51C589CC3009B7132 /* nodeadminUITests.xctest */ = {isa = PBXFileReference; explicitFileType = wrapper.cfbundle; includeInIndex = 0; path = nodeadminUITests.xctest; sourceTree = BUILT_PRODUCTS_DIR; };
		D682ECD91C589CC3009B7132 /* nodeadminUITests.swift */ = {isa = PBXFileReference; lastKnownFileType = sourcecode.swift; path = nodeadminUITests.swift; sourceTree = "<group>"; };
		D682ECDB1C589CC3009B7132 /* Info.plist */ = {isa = PBXFileReference; lastKnownFileType = text.plist.xml; path = Info.plist; sourceTree = "<group>"; };
		D682ECE71C58A230009B7132 /* LoginViewController.swift */ = {isa = PBXFileReference; fileEncoding = 4; lastKnownFileType = sourcecode.swift; path = LoginViewController.swift; sourceTree = "<group>"; };
		D686A3061C7E7DDC002A4516 /* ClientCredentials.swift */ = {isa = PBXFileReference; fileEncoding = 4; lastKnownFileType = sourcecode.swift; path = ClientCredentials.swift; sourceTree = "<group>"; };
		D686A30E1C7E9087002A4516 /* ClientAPI.swift */ = {isa = PBXFileReference; fileEncoding = 4; lastKnownFileType = sourcecode.swift; path = ClientAPI.swift; sourceTree = "<group>"; };
		D6B2DF4F1C5B963800C4852B /* DatabaseTableViewController.swift */ = {isa = PBXFileReference; fileEncoding = 4; lastKnownFileType = sourcecode.swift; path = DatabaseTableViewController.swift; sourceTree = "<group>"; };
		D6BAB8DF1C77FB4D001E975E /* AddDatabaseViewController.swift */ = {isa = PBXFileReference; fileEncoding = 4; lastKnownFileType = sourcecode.swift; path = AddDatabaseViewController.swift; sourceTree = "<group>"; };
/* End PBXFileReference section */

/* Begin PBXFrameworksBuildPhase section */
		D682ECB01C589CC3009B7132 /* Frameworks */ = {
			isa = PBXFrameworksBuildPhase;
			buildActionMask = 2147483647;
			files = (
				C99D6969A6E84F8FD3253A80 /* Pods.framework in Frameworks */,
			);
			runOnlyForDeploymentPostprocessing = 0;
		};
		D682ECC71C589CC3009B7132 /* Frameworks */ = {
			isa = PBXFrameworksBuildPhase;
			buildActionMask = 2147483647;
			files = (
			);
			runOnlyForDeploymentPostprocessing = 0;
		};
		D682ECD21C589CC3009B7132 /* Frameworks */ = {
			isa = PBXFrameworksBuildPhase;
			buildActionMask = 2147483647;
			files = (
			);
			runOnlyForDeploymentPostprocessing = 0;
		};
/* End PBXFrameworksBuildPhase section */

/* Begin PBXGroup section */
		51C445E21CE87D97DDBE2397 /* Frameworks */ = {
			isa = PBXGroup;
			children = (
				A7BFB11D910E8329CE4DC7A3 /* Pods.framework */,
			);
			name = Frameworks;
			sourceTree = "<group>";
		};
		CADFF93E1EF59484CD800024 /* Pods */ = {
			isa = PBXGroup;
			children = (
				D4A218C9CD1D2FE9C8089B51 /* Pods.debug.xcconfig */,
				1E6E1C77505E7F1C32141625 /* Pods.release.xcconfig */,
			);
			name = Pods;
			sourceTree = "<group>";
		};
		D682ECAA1C589CC3009B7132 = {
			isa = PBXGroup;
			children = (
				D682ECB51C589CC3009B7132 /* nodeadmin */,
				D682ECCD1C589CC3009B7132 /* nodeadminTests */,
				D682ECD81C589CC3009B7132 /* nodeadminUITests */,
				D682ECB41C589CC3009B7132 /* Products */,
				CADFF93E1EF59484CD800024 /* Pods */,
				51C445E21CE87D97DDBE2397 /* Frameworks */,
			);
			sourceTree = "<group>";
		};
		D682ECB41C589CC3009B7132 /* Products */ = {
			isa = PBXGroup;
			children = (
				D682ECB31C589CC3009B7132 /* nodeadmin.app */,
				D682ECCA1C589CC3009B7132 /* nodeadminTests.xctest */,
				D682ECD51C589CC3009B7132 /* nodeadminUITests.xctest */,
			);
			name = Products;
			sourceTree = "<group>";
		};
		D682ECB51C589CC3009B7132 /* nodeadmin */ = {
			isa = PBXGroup;
			children = (
				D682ECB61C589CC3009B7132 /* AppDelegate.swift */,
				D686A3061C7E7DDC002A4516 /* ClientCredentials.swift */,
				D686A30E1C7E9087002A4516 /* ClientAPI.swift */,
				D6B2DF4C1C5B5E9F00C4852B /* viewcontrollers */,
				D682ECBA1C589CC3009B7132 /* Main.storyboard */,
				D682ECC01C589CC3009B7132 /* Assets.xcassets */,
				D682ECC21C589CC3009B7132 /* LaunchScreen.storyboard */,
				D682ECC51C589CC3009B7132 /* Info.plist */,
				D682ECBD1C589CC3009B7132 /* nodeadmin.xcdatamodeld */,
			);
			path = nodeadmin;
			sourceTree = "<group>";
		};
		D682ECCD1C589CC3009B7132 /* nodeadminTests */ = {
			isa = PBXGroup;
			children = (
				D682ECCE1C589CC3009B7132 /* nodeadminTests.swift */,
				D682ECD01C589CC3009B7132 /* Info.plist */,
			);
			path = nodeadminTests;
			sourceTree = "<group>";
		};
		D682ECD81C589CC3009B7132 /* nodeadminUITests */ = {
			isa = PBXGroup;
			children = (
				D682ECD91C589CC3009B7132 /* nodeadminUITests.swift */,
				D682ECDB1C589CC3009B7132 /* Info.plist */,
			);
			path = nodeadminUITests;
			sourceTree = "<group>";
		};
		D6B2DF4C1C5B5E9F00C4852B /* viewcontrollers */ = {
			isa = PBXGroup;
			children = (
				D682ECE71C58A230009B7132 /* LoginViewController.swift */,
				D6BAB8DF1C77FB4D001E975E /* AddDatabaseViewController.swift */,
				D682ECB81C589CC3009B7132 /* HomeViewController.swift */,
				D6B2DF4F1C5B963800C4852B /* DatabaseTableViewController.swift */,
			);
			name = viewcontrollers;
			sourceTree = "<group>";
		};
/* End PBXGroup section */

/* Begin PBXNativeTarget section */
		D682ECB21C589CC3009B7132 /* nodeadmin */ = {
			isa = PBXNativeTarget;
			buildConfigurationList = D682ECDE1C589CC3009B7132 /* Build configuration list for PBXNativeTarget "nodeadmin" */;
			buildPhases = (
				4A2015F1327369D991DA7B6F /* Check Pods Manifest.lock */,
				D682ECAF1C589CC3009B7132 /* Sources */,
				D682ECB01C589CC3009B7132 /* Frameworks */,
				D682ECB11C589CC3009B7132 /* Resources */,
				D630914A1C7E4E4D004B48B1 /* Embed Frameworks */,
				E471B7AACEDF690D973DD515 /* Embed Pods Frameworks */,
				6CA5A8AA3CE78366F049DF7A /* Copy Pods Resources */,
			);
			buildRules = (
			);
			dependencies = (
			);
			name = nodeadmin;
			productName = nodeadmin;
			productReference = D682ECB31C589CC3009B7132 /* nodeadmin.app */;
			productType = "com.apple.product-type.application";
		};
		D682ECC91C589CC3009B7132 /* nodeadminTests */ = {
			isa = PBXNativeTarget;
			buildConfigurationList = D682ECE11C589CC3009B7132 /* Build configuration list for PBXNativeTarget "nodeadminTests" */;
			buildPhases = (
				D682ECC61C589CC3009B7132 /* Sources */,
				D682ECC71C589CC3009B7132 /* Frameworks */,
				D682ECC81C589CC3009B7132 /* Resources */,
			);
			buildRules = (
			);
			dependencies = (
				D682ECCC1C589CC3009B7132 /* PBXTargetDependency */,
			);
			name = nodeadminTests;
			productName = nodeadminTests;
			productReference = D682ECCA1C589CC3009B7132 /* nodeadminTests.xctest */;
			productType = "com.apple.product-type.bundle.unit-test";
		};
		D682ECD41C589CC3009B7132 /* nodeadminUITests */ = {
			isa = PBXNativeTarget;
			buildConfigurationList = D682ECE41C589CC3009B7132 /* Build configuration list for PBXNativeTarget "nodeadminUITests" */;
			buildPhases = (
				D682ECD11C589CC3009B7132 /* Sources */,
				D682ECD21C589CC3009B7132 /* Frameworks */,
				D682ECD31C589CC3009B7132 /* Resources */,
			);
			buildRules = (
			);
			dependencies = (
				D682ECD71C589CC3009B7132 /* PBXTargetDependency */,
			);
			name = nodeadminUITests;
			productName = nodeadminUITests;
			productReference = D682ECD51C589CC3009B7132 /* nodeadminUITests.xctest */;
			productType = "com.apple.product-type.bundle.ui-testing";
		};
/* End PBXNativeTarget section */

/* Begin PBXProject section */
		D682ECAB1C589CC3009B7132 /* Project object */ = {
			isa = PBXProject;
			attributes = {
				LastSwiftUpdateCheck = 0720;
				LastUpgradeCheck = 0720;
				ORGANIZATIONNAME = "Taylor Lehman";
				TargetAttributes = {
					D682ECB21C589CC3009B7132 = {
						CreatedOnToolsVersion = 7.2;
						DevelopmentTeam = NXW8K66928;
					};
					D682ECC91C589CC3009B7132 = {
						CreatedOnToolsVersion = 7.2;
						TestTargetID = D682ECB21C589CC3009B7132;
					};
					D682ECD41C589CC3009B7132 = {
						CreatedOnToolsVersion = 7.2;
						TestTargetID = D682ECB21C589CC3009B7132;
					};
				};
			};
			buildConfigurationList = D682ECAE1C589CC3009B7132 /* Build configuration list for PBXProject "nodeadmin" */;
			compatibilityVersion = "Xcode 3.2";
			developmentRegion = English;
			hasScannedForEncodings = 0;
			knownRegions = (
				en,
				Base,
			);
			mainGroup = D682ECAA1C589CC3009B7132;
			productRefGroup = D682ECB41C589CC3009B7132 /* Products */;
			projectDirPath = "";
			projectRoot = "";
			targets = (
				D682ECB21C589CC3009B7132 /* nodeadmin */,
				D682ECC91C589CC3009B7132 /* nodeadminTests */,
				D682ECD41C589CC3009B7132 /* nodeadminUITests */,
			);
		};
/* End PBXProject section */

/* Begin PBXResourcesBuildPhase section */
		D682ECB11C589CC3009B7132 /* Resources */ = {
			isa = PBXResourcesBuildPhase;
			buildActionMask = 2147483647;
			files = (
				D682ECC41C589CC3009B7132 /* LaunchScreen.storyboard in Resources */,
				D682ECC11C589CC3009B7132 /* Assets.xcassets in Resources */,
				D682ECBC1C589CC3009B7132 /* Main.storyboard in Resources */,
			);
			runOnlyForDeploymentPostprocessing = 0;
		};
		D682ECC81C589CC3009B7132 /* Resources */ = {
			isa = PBXResourcesBuildPhase;
			buildActionMask = 2147483647;
			files = (
			);
			runOnlyForDeploymentPostprocessing = 0;
		};
		D682ECD31C589CC3009B7132 /* Resources */ = {
			isa = PBXResourcesBuildPhase;
			buildActionMask = 2147483647;
			files = (
			);
			runOnlyForDeploymentPostprocessing = 0;
		};
/* End PBXResourcesBuildPhase section */

/* Begin PBXShellScriptBuildPhase section */
		4A2015F1327369D991DA7B6F /* Check Pods Manifest.lock */ = {
			isa = PBXShellScriptBuildPhase;
			buildActionMask = 2147483647;
			files = (
			);
			inputPaths = (
			);
			name = "Check Pods Manifest.lock";
			outputPaths = (
			);
			runOnlyForDeploymentPostprocessing = 0;
			shellPath = /bin/sh;
			shellScript = "diff \"${PODS_ROOT}/../Podfile.lock\" \"${PODS_ROOT}/Manifest.lock\" > /dev/null\nif [[ $? != 0 ]] ; then\n    cat << EOM\nerror: The sandbox is not in sync with the Podfile.lock. Run 'pod install' or update your CocoaPods installation.\nEOM\n    exit 1\nfi\n";
			showEnvVarsInLog = 0;
		};
		6CA5A8AA3CE78366F049DF7A /* Copy Pods Resources */ = {
			isa = PBXShellScriptBuildPhase;
			buildActionMask = 2147483647;
			files = (
			);
			inputPaths = (
			);
			name = "Copy Pods Resources";
			outputPaths = (
			);
			runOnlyForDeploymentPostprocessing = 0;
			shellPath = /bin/sh;
			shellScript = "\"${SRCROOT}/Pods/Target Support Files/Pods/Pods-resources.sh\"\n";
			showEnvVarsInLog = 0;
		};
		E471B7AACEDF690D973DD515 /* Embed Pods Frameworks */ = {
			isa = PBXShellScriptBuildPhase;
			buildActionMask = 2147483647;
			files = (
			);
			inputPaths = (
			);
			name = "Embed Pods Frameworks";
			outputPaths = (
			);
			runOnlyForDeploymentPostprocessing = 0;
			shellPath = /bin/sh;
			shellScript = "\"${SRCROOT}/Pods/Target Support Files/Pods/Pods-frameworks.sh\"\n";
			showEnvVarsInLog = 0;
		};
/* End PBXShellScriptBuildPhase section */

/* Begin PBXSourcesBuildPhase section */
		D682ECAF1C589CC3009B7132 /* Sources */ = {
			isa = PBXSourcesBuildPhase;
			buildActionMask = 2147483647;
			files = (
				D682ECE81C58A230009B7132 /* LoginViewController.swift in Sources */,
				D6BAB8E01C77FB4D001E975E /* AddDatabaseViewController.swift in Sources */,
				D682ECBF1C589CC3009B7132 /* nodeadmin.xcdatamodeld in Sources */,
				D686A30F1C7E9087002A4516 /* ClientAPI.swift in Sources */,
				D686A3071C7E7DDC002A4516 /* ClientCredentials.swift in Sources */,
				D682ECB91C589CC3009B7132 /* HomeViewController.swift in Sources */,
				D6B2DF501C5B963800C4852B /* DatabaseTableViewController.swift in Sources */,
				D682ECB71C589CC3009B7132 /* AppDelegate.swift in Sources */,
			);
			runOnlyForDeploymentPostprocessing = 0;
		};
		D682ECC61C589CC3009B7132 /* Sources */ = {
			isa = PBXSourcesBuildPhase;
			buildActionMask = 2147483647;
			files = (
				D682ECCF1C589CC3009B7132 /* nodeadminTests.swift in Sources */,
			);
			runOnlyForDeploymentPostprocessing = 0;
		};
		D682ECD11C589CC3009B7132 /* Sources */ = {
			isa = PBXSourcesBuildPhase;
			buildActionMask = 2147483647;
			files = (
				D682ECDA1C589CC3009B7132 /* nodeadminUITests.swift in Sources */,
			);
			runOnlyForDeploymentPostprocessing = 0;
		};
/* End PBXSourcesBuildPhase section */

/* Begin PBXTargetDependency section */
		D682ECCC1C589CC3009B7132 /* PBXTargetDependency */ = {
			isa = PBXTargetDependency;
			target = D682ECB21C589CC3009B7132 /* nodeadmin */;
			targetProxy = D682ECCB1C589CC3009B7132 /* PBXContainerItemProxy */;
		};
		D682ECD71C589CC3009B7132 /* PBXTargetDependency */ = {
			isa = PBXTargetDependency;
			target = D682ECB21C589CC3009B7132 /* nodeadmin */;
			targetProxy = D682ECD61C589CC3009B7132 /* PBXContainerItemProxy */;
		};
/* End PBXTargetDependency section */

/* Begin PBXVariantGroup section */
		D682ECBA1C589CC3009B7132 /* Main.storyboard */ = {
			isa = PBXVariantGroup;
			children = (
				D682ECBB1C589CC3009B7132 /* Base */,
			);
			name = Main.storyboard;
			sourceTree = "<group>";
		};
		D682ECC21C589CC3009B7132 /* LaunchScreen.storyboard */ = {
			isa = PBXVariantGroup;
			children = (
				D682ECC31C589CC3009B7132 /* Base */,
			);
			name = LaunchScreen.storyboard;
			sourceTree = "<group>";
		};
/* End PBXVariantGroup section */

/* Begin XCBuildConfiguration section */
		D682ECDC1C589CC3009B7132 /* Debug */ = {
			isa = XCBuildConfiguration;
			buildSettings = {
				ALWAYS_SEARCH_USER_PATHS = NO;
				CLANG_CXX_LANGUAGE_STANDARD = "gnu++0x";
				CLANG_CXX_LIBRARY = "libc++";
				CLANG_ENABLE_MODULES = YES;
				CLANG_ENABLE_OBJC_ARC = YES;
				CLANG_WARN_BOOL_CONVERSION = YES;
				CLANG_WARN_CONSTANT_CONVERSION = YES;
				CLANG_WARN_DIRECT_OBJC_ISA_USAGE = YES_ERROR;
				CLANG_WARN_EMPTY_BODY = YES;
				CLANG_WARN_ENUM_CONVERSION = YES;
				CLANG_WARN_INT_CONVERSION = YES;
				CLANG_WARN_OBJC_ROOT_CLASS = YES_ERROR;
				CLANG_WARN_UNREACHABLE_CODE = YES;
				CLANG_WARN__DUPLICATE_METHOD_MATCH = YES;
				"CODE_SIGN_IDENTITY[sdk=iphoneos*]" = "iPhone Developer";
				COPY_PHASE_STRIP = NO;
				DEBUG_INFORMATION_FORMAT = dwarf;
				ENABLE_STRICT_OBJC_MSGSEND = YES;
				ENABLE_TESTABILITY = YES;
				GCC_C_LANGUAGE_STANDARD = gnu99;
				GCC_DYNAMIC_NO_PIC = NO;
				GCC_NO_COMMON_BLOCKS = YES;
				GCC_OPTIMIZATION_LEVEL = 0;
				GCC_PREPROCESSOR_DEFINITIONS = (
					"DEBUG=1",
					"$(inherited)",
				);
				GCC_WARN_64_TO_32_BIT_CONVERSION = YES;
				GCC_WARN_ABOUT_RETURN_TYPE = YES_ERROR;
				GCC_WARN_UNDECLARED_SELECTOR = YES;
				GCC_WARN_UNINITIALIZED_AUTOS = YES_AGGRESSIVE;
				GCC_WARN_UNUSED_FUNCTION = YES;
				GCC_WARN_UNUSED_VARIABLE = YES;
				IPHONEOS_DEPLOYMENT_TARGET = 9.2;
				MTL_ENABLE_DEBUG_INFO = YES;
				ONLY_ACTIVE_ARCH = YES;
				SDKROOT = iphoneos;
				SWIFT_OPTIMIZATION_LEVEL = "-Onone";
			};
			name = Debug;
		};
		D682ECDD1C589CC3009B7132 /* Release */ = {
			isa = XCBuildConfiguration;
			buildSettings = {
				ALWAYS_SEARCH_USER_PATHS = NO;
				CLANG_CXX_LANGUAGE_STANDARD = "gnu++0x";
				CLANG_CXX_LIBRARY = "libc++";
				CLANG_ENABLE_MODULES = YES;
				CLANG_ENABLE_OBJC_ARC = YES;
				CLANG_WARN_BOOL_CONVERSION = YES;
				CLANG_WARN_CONSTANT_CONVERSION = YES;
				CLANG_WARN_DIRECT_OBJC_ISA_USAGE = YES_ERROR;
				CLANG_WARN_EMPTY_BODY = YES;
				CLANG_WARN_ENUM_CONVERSION = YES;
				CLANG_WARN_INT_CONVERSION = YES;
				CLANG_WARN_OBJC_ROOT_CLASS = YES_ERROR;
				CLANG_WARN_UNREACHABLE_CODE = YES;
				CLANG_WARN__DUPLICATE_METHOD_MATCH = YES;
				"CODE_SIGN_IDENTITY[sdk=iphoneos*]" = "iPhone Developer";
				COPY_PHASE_STRIP = NO;
				DEBUG_INFORMATION_FORMAT = "dwarf-with-dsym";
				ENABLE_NS_ASSERTIONS = NO;
				ENABLE_STRICT_OBJC_MSGSEND = YES;
				GCC_C_LANGUAGE_STANDARD = gnu99;
				GCC_NO_COMMON_BLOCKS = YES;
				GCC_WARN_64_TO_32_BIT_CONVERSION = YES;
				GCC_WARN_ABOUT_RETURN_TYPE = YES_ERROR;
				GCC_WARN_UNDECLARED_SELECTOR = YES;
				GCC_WARN_UNINITIALIZED_AUTOS = YES_AGGRESSIVE;
				GCC_WARN_UNUSED_FUNCTION = YES;
				GCC_WARN_UNUSED_VARIABLE = YES;
				IPHONEOS_DEPLOYMENT_TARGET = 9.2;
				MTL_ENABLE_DEBUG_INFO = NO;
				SDKROOT = iphoneos;
				VALIDATE_PRODUCT = YES;
			};
			name = Release;
		};
		D682ECDF1C589CC3009B7132 /* Debug */ = {
			isa = XCBuildConfiguration;
			baseConfigurationReference = D4A218C9CD1D2FE9C8089B51 /* Pods.debug.xcconfig */;
			buildSettings = {
				ASSETCATALOG_COMPILER_APPICON_NAME = AppIcon;
				CODE_SIGN_IDENTITY = "iPhone Developer";
				"CODE_SIGN_IDENTITY[sdk=iphoneos*]" = "iPhone Developer";
				EMBEDDED_CONTENT_CONTAINS_SWIFT = YES;
				INFOPLIST_FILE = nodeadmin/Info.plist;
				LD_RUNPATH_SEARCH_PATHS = "$(inherited) @executable_path/Frameworks";
				PRODUCT_BUNDLE_IDENTIFIER = lehman.nodeadmin;
				PRODUCT_NAME = "$(TARGET_NAME)";
				PROVISIONING_PROFILE = "";
			};
			name = Debug;
		};
		D682ECE01C589CC3009B7132 /* Release */ = {
			isa = XCBuildConfiguration;
			baseConfigurationReference = 1E6E1C77505E7F1C32141625 /* Pods.release.xcconfig */;
			buildSettings = {
				ASSETCATALOG_COMPILER_APPICON_NAME = AppIcon;
				CODE_SIGN_IDENTITY = "iPhone Developer";
				"CODE_SIGN_IDENTITY[sdk=iphoneos*]" = "iPhone Developer";
				EMBEDDED_CONTENT_CONTAINS_SWIFT = YES;
				INFOPLIST_FILE = nodeadmin/Info.plist;
				LD_RUNPATH_SEARCH_PATHS = "$(inherited) @executable_path/Frameworks";
				PRODUCT_BUNDLE_IDENTIFIER = lehman.nodeadmin;
				PRODUCT_NAME = "$(TARGET_NAME)";
				PROVISIONING_PROFILE = "";
			};
			name = Release;
		};
		D682ECE21C589CC3009B7132 /* Debug */ = {
			isa = XCBuildConfiguration;
			buildSettings = {
				BUNDLE_LOADER = "$(TEST_HOST)";
				INFOPLIST_FILE = nodeadminTests/Info.plist;
				LD_RUNPATH_SEARCH_PATHS = "$(inherited) @executable_path/Frameworks @loader_path/Frameworks";
				PRODUCT_BUNDLE_IDENTIFIER = lehman.nodeadminTests;
				PRODUCT_NAME = "$(TARGET_NAME)";
				TEST_HOST = "$(BUILT_PRODUCTS_DIR)/nodeadmin.app/nodeadmin";
			};
			name = Debug;
		};
		D682ECE31C589CC3009B7132 /* Release */ = {
			isa = XCBuildConfiguration;
			buildSettings = {
				BUNDLE_LOADER = "$(TEST_HOST)";
				INFOPLIST_FILE = nodeadminTests/Info.plist;
				LD_RUNPATH_SEARCH_PATHS = "$(inherited) @executable_path/Frameworks @loader_path/Frameworks";
				PRODUCT_BUNDLE_IDENTIFIER = lehman.nodeadminTests;
				PRODUCT_NAME = "$(TARGET_NAME)";
				TEST_HOST = "$(BUILT_PRODUCTS_DIR)/nodeadmin.app/nodeadmin";
			};
			name = Release;
		};
		D682ECE51C589CC3009B7132 /* Debug */ = {
			isa = XCBuildConfiguration;
			buildSettings = {
				INFOPLIST_FILE = nodeadminUITests/Info.plist;
				LD_RUNPATH_SEARCH_PATHS = "$(inherited) @executable_path/Frameworks @loader_path/Frameworks";
				PRODUCT_BUNDLE_IDENTIFIER = lehman.nodeadminUITests;
				PRODUCT_NAME = "$(TARGET_NAME)";
				TEST_TARGET_NAME = nodeadmin;
				USES_XCTRUNNER = YES;
			};
			name = Debug;
		};
		D682ECE61C589CC3009B7132 /* Release */ = {
			isa = XCBuildConfiguration;
			buildSettings = {
				INFOPLIST_FILE = nodeadminUITests/Info.plist;
				LD_RUNPATH_SEARCH_PATHS = "$(inherited) @executable_path/Frameworks @loader_path/Frameworks";
				PRODUCT_BUNDLE_IDENTIFIER = lehman.nodeadminUITests;
				PRODUCT_NAME = "$(TARGET_NAME)";
				TEST_TARGET_NAME = nodeadmin;
				USES_XCTRUNNER = YES;
			};
			name = Release;
		};
/* End XCBuildConfiguration section */

/* Begin XCConfigurationList section */
		D682ECAE1C589CC3009B7132 /* Build configuration list for PBXProject "nodeadmin" */ = {
			isa = XCConfigurationList;
			buildConfigurations = (
				D682ECDC1C589CC3009B7132 /* Debug */,
				D682ECDD1C589CC3009B7132 /* Release */,
			);
			defaultConfigurationIsVisible = 0;
			defaultConfigurationName = Release;
		};
		D682ECDE1C589CC3009B7132 /* Build configuration list for PBXNativeTarget "nodeadmin" */ = {
			isa = XCConfigurationList;
			buildConfigurations = (
				D682ECDF1C589CC3009B7132 /* Debug */,
				D682ECE01C589CC3009B7132 /* Release */,
			);
			defaultConfigurationIsVisible = 0;
			defaultConfigurationName = Release;
		};
		D682ECE11C589CC3009B7132 /* Build configuration list for PBXNativeTarget "nodeadminTests" */ = {
			isa = XCConfigurationList;
			buildConfigurations = (
				D682ECE21C589CC3009B7132 /* Debug */,
				D682ECE31C589CC3009B7132 /* Release */,
			);
			defaultConfigurationIsVisible = 0;
			defaultConfigurationName = Release;
		};
		D682ECE41C589CC3009B7132 /* Build configuration list for PBXNativeTarget "nodeadminUITests" */ = {
			isa = XCConfigurationList;
			buildConfigurations = (
				D682ECE51C589CC3009B7132 /* Debug */,
				D682ECE61C589CC3009B7132 /* Release */,
			);
			defaultConfigurationIsVisible = 0;
			defaultConfigurationName = Release;
		};
/* End XCConfigurationList section */

/* Begin XCVersionGroup section */
		D682ECBD1C589CC3009B7132 /* nodeadmin.xcdatamodeld */ = {
			isa = XCVersionGroup;
			children = (
				D682ECBE1C589CC3009B7132 /* nodeadmin.xcdatamodel */,
			);
			currentVersion = D682ECBE1C589CC3009B7132 /* nodeadmin.xcdatamodel */;
			path = nodeadmin.xcdatamodeld;
			sourceTree = "<group>";
			versionGroupType = wrapper.xcdatamodel;
		};
/* End XCVersionGroup section */
	};
	rootObject = D682ECAB1C589CC3009B7132 /* Project object */;
}
